
Microsoft Visual Studio Solution File, Format Version 12.00
# Visual Studio Version 16
VisualStudioVersion = 16.0.30114.105
MinimumVisualStudioVersion = 10.0.40219.1
Project("{FAE04EC0-301F-11D3-BF4B-00C04F79EFBC}") = "MyNet5App", "MyNet5App\MyNet5App.csproj", "{66EE1584-85D8-4534-8318-68A50490153C}"
EndProject
Project("{FAE04EC0-301F-11D3-BF4B-00C04F79EFBC}") = "MyNetstandardLibrary", "MyNetstandardLibrary\MyNetstandardLibrary.csproj", "{52ADCFD5-178B-4AE4-B32D-10D7B0ACC2A1}"
EndProject
Global
	GlobalSection(SolutionConfigurationPlatforms) = preSolution
		Debug|Any CPU = Debug|Any CPU
		Release|Any CPU = Release|Any CPU
	EndGlobalSection
	GlobalSection(SolutionProperties) = preSolution
		HideSolutionNode = FALSE
	EndGlobalSection
	GlobalSection(ProjectConfigurationPlatforms) = postSolution
		{66EE1584-85D8-4534-8318-68A50490153C}.Debug|Any CPU.ActiveCfg = Debug|Any CPU
		{66EE1584-85D8-4534-8318-68A50490153C}.Debug|Any CPU.Build.0 = Debug|Any CPU
		{66EE1584-85D8-4534-8318-68A50490153C}.Release|Any CPU.ActiveCfg = Release|Any CPU
		{66EE1584-85D8-4534-8318-68A50490153C}.Release|Any CPU.Build.0 = Release|Any CPU
		{52ADCFD5-178B-4AE4-B32D-10D7B0ACC2A1}.Debug|Any CPU.ActiveCfg = Debug|Any CPU
		{52ADCFD5-178B-4AE4-B32D-10D7B0ACC2A1}.Debug|Any CPU.Build.0 = Debug|Any CPU
		{52ADCFD5-178B-4AE4-B32D-10D7B0ACC2A1}.Release|Any CPU.ActiveCfg = Release|Any CPU
		{52ADCFD5-178B-4AE4-B32D-10D7B0ACC2A1}.Release|Any CPU.Build.0 = Release|Any CPU
	EndGlobalSection
EndGlobal
